PODS:
  - boost (1.76.0)
  - DoubleConversion (1.1.6)
  - FBLazyVector (0.71.16)
  - FBReactNativeSpec (0.71.16):
    - RCT-Folly (= 2021.07.22.00)
    - RCTRequired (= 0.71.16)
    - RCTTypeSafety (= 0.71.16)
    - React-Core (= 0.71.16)
    - React-jsi (= 0.71.16)
    - ReactCommon/turbomodule/core (= 0.71.16)
  - fmt (6.2.1)
  - glog (0.3.5)
  - OCMock (3.9.1)
  - RCT-Folly (2021.07.22.00):
    - boost
    - DoubleConversion
    - fmt (~> 6.2.1)
    - glog
    - RCT-Folly/Default (= 2021.07.22.00)
  - RCT-Folly/Default (2021.07.22.00):
    - boost
    - DoubleConversion
    - fmt (~> 6.2.1)
    - glog
  - RCTRequired (0.71.16)
  - RCTTypeSafety (0.71.16):
    - FBLazyVector (= 0.71.16)
    - RCTRequired (= 0.71.16)
    - React-Core (= 0.71.16)
  - React (0.71.16):
    - React-Core (= 0.71.16)
    - React-Core/DevSupport (= 0.71.16)
    - React-Core/RCTWebSocket (= 0.71.16)
    - React-RCTActionSheet (= 0.71.16)
    - React-RCTAnimation (= 0.71.16)
    - React-RCTBlob (= 0.71.16)
    - React-RCTImage (= 0.71.16)
    - React-RCTLinking (= 0.71.16)
    - React-RCTNetwork (= 0.71.16)
    - React-RCTSettings (= 0.71.16)
    - React-RCTText (= 0.71.16)
    - React-RCTVibration (= 0.71.16)
  - React-callinvoker (0.71.16)
  - React-Codegen (0.71.16):
    - FBReactNativeSpec
    - RCT-Folly
    - RCTRequired
    - RCTTypeSafety
    - React-Core
    - React-jsc
    - React-jsi
    - React-jsiexecutor
    - ReactCommon/turbomodule/bridging
    - ReactCommon/turbomodule/core
  - React-Core (0.71.16):
    - glog
    - RCT-Folly (= 2021.07.22.00)
    - React-Core/Default (= 0.71.16)
    - React-cxxreact (= 0.71.16)
    - React-jsc
    - React-jsi (= 0.71.16)
    - React-jsiexecutor (= 0.71.16)
    - React-perflogger (= 0.71.16)
    - SocketRocket (= 0.6.0)
    - Yoga
  - React-Core/CoreModulesHeaders (0.71.16):
    - glog
    - RCT-Folly (= 2021.07.22.00)
    - React-Core/Default
    - React-cxxreact (= 0.71.16)
    - React-jsc
    - React-jsi (= 0.71.16)
    - React-jsiexecutor (= 0.71.16)
    - React-perflogger (= 0.71.16)
    - SocketRocket (= 0.6.0)
    - Yoga
  - React-Core/Default (0.71.16):
    - glog
    - RCT-Folly (= 2021.07.22.00)
    - React-cxxreact (= 0.71.16)
    - React-jsc
    - React-jsi (= 0.71.16)
    - React-jsiexecutor (= 0.71.16)
    - React-perflogger (= 0.71.16)
    - SocketRocket (= 0.6.0)
    - Yoga
  - React-Core/DevSupport (0.71.16):
    - glog
    - RCT-Folly (= 2021.07.22.00)
    - React-Core/Default (= 0.71.16)
    - React-Core/RCTWebSocket (= 0.71.16)
    - React-cxxreact (= 0.71.16)
    - React-jsc
    - React-jsi (= 0.71.16)
    - React-jsiexecutor (= 0.71.16)
    - React-jsinspector (= 0.71.16)
    - React-perflogger (= 0.71.16)
    - SocketRocket (= 0.6.0)
    - Yoga
  - React-Core/RCTActionSheetHeaders (0.71.16):
    - glog
    - RCT-Folly (= 2021.07.22.00)
    - React-Core/Default
    - React-cxxreact (= 0.71.16)
    - React-jsc
    - React-jsi (= 0.71.16)
    - React-jsiexecutor (= 0.71.16)
    - React-perflogger (= 0.71.16)
    - SocketRocket (= 0.6.0)
    - Yoga
  - React-Core/RCTAnimationHeaders (0.71.16):
    - glog
    - RCT-Folly (= 2021.07.22.00)
    - React-Core/Default
    - React-cxxreact (= 0.71.16)
    - React-jsc
    - React-jsi (= 0.71.16)
    - React-jsiexecutor (= 0.71.16)
    - React-perflogger (= 0.71.16)
    - SocketRocket (= 0.6.0)
    - Yoga
  - React-Core/RCTBlobHeaders (0.71.16):
    - glog
    - RCT-Folly (= 2021.07.22.00)
    - React-Core/Default
    - React-cxxreact (= 0.71.16)
    - React-jsc
    - React-jsi (= 0.71.16)
    - React-jsiexecutor (= 0.71.16)
    - React-perflogger (= 0.71.16)
    - SocketRocket (= 0.6.0)
    - Yoga
  - React-Core/RCTImageHeaders (0.71.16):
    - glog
    - RCT-Folly (= 2021.07.22.00)
    - React-Core/Default
    - React-cxxreact (= 0.71.16)
    - React-jsc
    - React-jsi (= 0.71.16)
    - React-jsiexecutor (= 0.71.16)
    - React-perflogger (= 0.71.16)
    - SocketRocket (= 0.6.0)
    - Yoga
  - React-Core/RCTLinkingHeaders (0.71.16):
    - glog
    - RCT-Folly (= 2021.07.22.00)
    - React-Core/Default
    - React-cxxreact (= 0.71.16)
    - React-jsc
    - React-jsi (= 0.71.16)
    - React-jsiexecutor (= 0.71.16)
    - React-perflogger (= 0.71.16)
    - SocketRocket (= 0.6.0)
    - Yoga
  - React-Core/RCTNetworkHeaders (0.71.16):
    - glog
    - RCT-Folly (= 2021.07.22.00)
    - React-Core/Default
    - React-cxxreact (= 0.71.16)
    - React-jsc
    - React-jsi (= 0.71.16)
    - React-jsiexecutor (= 0.71.16)
    - React-perflogger (= 0.71.16)
    - SocketRocket (= 0.6.0)
    - Yoga
  - React-Core/RCTPushNotificationHeaders (0.71.16):
    - glog
    - RCT-Folly (= 2021.07.22.00)
    - React-Core/Default
    - React-cxxreact (= 0.71.16)
    - React-jsc
    - React-jsi (= 0.71.16)
    - React-jsiexecutor (= 0.71.16)
    - React-perflogger (= 0.71.16)
    - SocketRocket (= 0.6.0)
    - Yoga
  - React-Core/RCTSettingsHeaders (0.71.16):
    - glog
    - RCT-Folly (= 2021.07.22.00)
    - React-Core/Default
    - React-cxxreact (= 0.71.16)
    - React-jsc
    - React-jsi (= 0.71.16)
    - React-jsiexecutor (= 0.71.16)
    - React-perflogger (= 0.71.16)
    - SocketRocket (= 0.6.0)
    - Yoga
  - React-Core/RCTTextHeaders (0.71.16):
    - glog
    - RCT-Folly (= 2021.07.22.00)
    - React-Core/Default
    - React-cxxreact (= 0.71.16)
    - React-jsc
    - React-jsi (= 0.71.16)
    - React-jsiexecutor (= 0.71.16)
    - React-perflogger (= 0.71.16)
    - SocketRocket (= 0.6.0)
    - Yoga
  - React-Core/RCTVibrationHeaders (0.71.16):
    - glog
    - RCT-Folly (= 2021.07.22.00)
    - React-Core/Default
    - React-cxxreact (= 0.71.16)
    - React-jsc
    - React-jsi (= 0.71.16)
    - React-jsiexecutor (= 0.71.16)
    - React-perflogger (= 0.71.16)
    - SocketRocket (= 0.6.0)
    - Yoga
  - React-Core/RCTWebSocket (0.71.16):
    - glog
    - RCT-Folly (= 2021.07.22.00)
    - React-Core/Default (= 0.71.16)
    - React-cxxreact (= 0.71.16)
    - React-jsc
    - React-jsi (= 0.71.16)
    - React-jsiexecutor (= 0.71.16)
    - React-perflogger (= 0.71.16)
    - SocketRocket (= 0.6.0)
    - Yoga
  - React-CoreModules (0.71.16):
    - RCT-Folly (= 2021.07.22.00)
    - RCTTypeSafety (= 0.71.16)
    - React-Codegen (= 0.71.16)
    - React-Core/CoreModulesHeaders (= 0.71.16)
    - React-jsi (= 0.71.16)
    - React-RCTBlob
    - React-RCTImage (= 0.71.16)
    - ReactCommon/turbomodule/core (= 0.71.16)
    - SocketRocket (= 0.6.0)
  - React-cxxreact (0.71.16):
    - boost (= 1.76.0)
    - DoubleConversion
    - glog
    - RCT-Folly (= 2021.07.22.00)
    - React-callinvoker (= 0.71.16)
    - React-jsi (= 0.71.16)
    - React-jsinspector (= 0.71.16)
    - React-logger (= 0.71.16)
    - React-perflogger (= 0.71.16)
    - React-runtimeexecutor (= 0.71.16)
  - React-jsc (0.71.16):
    - React-jsc/Fabric (= 0.71.16)
    - React-jsi (= 0.71.16)
  - React-jsc/Fabric (0.71.16):
    - React-jsi (= 0.71.16)
  - React-jsi (0.71.16):
    - boost (= 1.76.0)
    - DoubleConversion
    - glog
    - RCT-Folly (= 2021.07.22.00)
  - React-jsiexecutor (0.71.16):
    - DoubleConversion
    - glog
    - RCT-Folly (= 2021.07.22.00)
    - React-cxxreact (= 0.71.16)
    - React-jsi (= 0.71.16)
    - React-perflogger (= 0.71.16)
  - React-jsinspector (0.71.16)
  - React-logger (0.71.16):
    - glog
  - React-perflogger (0.71.16)
  - React-RCTActionSheet (0.71.16):
    - React-Core/RCTActionSheetHeaders (= 0.71.16)
  - React-RCTAnimation (0.71.16):
    - RCT-Folly (= 2021.07.22.00)
    - RCTTypeSafety (= 0.71.16)
    - React-Codegen (= 0.71.16)
    - React-Core/RCTAnimationHeaders (= 0.71.16)
    - React-jsi (= 0.71.16)
    - ReactCommon/turbomodule/core (= 0.71.16)
  - React-RCTAppDelegate (0.71.16):
    - RCT-Folly
    - RCTRequired
    - RCTTypeSafety
    - React-Core
    - ReactCommon/turbomodule/core
  - React-RCTBlob (0.71.16):
    - RCT-Folly (= 2021.07.22.00)
    - React-Codegen (= 0.71.16)
    - React-Core/RCTBlobHeaders (= 0.71.16)
    - React-Core/RCTWebSocket (= 0.71.16)
    - React-jsi (= 0.71.16)
    - React-RCTNetwork (= 0.71.16)
    - ReactCommon/turbomodule/core (= 0.71.16)
  - React-RCTImage (0.71.16):
    - RCT-Folly (= 2021.07.22.00)
    - RCTTypeSafety (= 0.71.16)
    - React-Codegen (= 0.71.16)
    - React-Core/RCTImageHeaders (= 0.71.16)
    - React-jsi (= 0.71.16)
    - React-RCTNetwork (= 0.71.16)
    - ReactCommon/turbomodule/core (= 0.71.16)
  - React-RCTLinking (0.71.16):
    - React-Codegen (= 0.71.16)
    - React-Core/RCTLinkingHeaders (= 0.71.16)
    - React-jsi (= 0.71.16)
    - ReactCommon/turbomodule/core (= 0.71.16)
  - React-RCTNetwork (0.71.16):
    - RCT-Folly (= 2021.07.22.00)
    - RCTTypeSafety (= 0.71.16)
    - React-Codegen (= 0.71.16)
    - React-Core/RCTNetworkHeaders (= 0.71.16)
    - React-jsi (= 0.71.16)
    - ReactCommon/turbomodule/core (= 0.71.16)
  - React-RCTPushNotification (0.71.16):
    - RCTTypeSafety (= 0.71.16)
    - React-Codegen (= 0.71.16)
    - React-Core/RCTPushNotificationHeaders (= 0.71.16)
    - React-jsi (= 0.71.16)
    - ReactCommon/turbomodule/core (= 0.71.16)
  - React-RCTSettings (0.71.16):
    - RCT-Folly (= 2021.07.22.00)
    - RCTTypeSafety (= 0.71.16)
    - React-Codegen (= 0.71.16)
    - React-Core/RCTSettingsHeaders (= 0.71.16)
    - React-jsi (= 0.71.16)
    - ReactCommon/turbomodule/core (= 0.71.16)
  - React-RCTTest (0.71.16):
    - RCT-Folly (= 2021.07.22.00)
    - React-Core (= 0.71.16)
    - React-CoreModules (= 0.71.16)
    - React-jsi (= 0.71.16)
    - ReactCommon/turbomodule/core (= 0.71.16)
  - React-RCTText (0.71.16):
    - React-Core/RCTTextHeaders (= 0.71.16)
  - React-RCTVibration (0.71.16):
    - RCT-Folly (= 2021.07.22.00)
    - React-Codegen (= 0.71.16)
    - React-Core/RCTVibrationHeaders (= 0.71.16)
    - React-jsi (= 0.71.16)
    - ReactCommon/turbomodule/core (= 0.71.16)
  - React-runtimeexecutor (0.71.16):
    - React-jsi (= 0.71.16)
  - ReactCommon/turbomodule/bridging (0.71.16):
    - DoubleConversion
    - glog
    - RCT-Folly (= 2021.07.22.00)
    - React-callinvoker (= 0.71.16)
    - React-Core (= 0.71.16)
    - React-cxxreact (= 0.71.16)
    - React-jsi (= 0.71.16)
    - React-logger (= 0.71.16)
    - React-perflogger (= 0.71.16)
  - ReactCommon/turbomodule/core (0.71.16):
    - DoubleConversion
    - glog
    - RCT-Folly (= 2021.07.22.00)
    - React-callinvoker (= 0.71.16)
    - React-Core (= 0.71.16)
    - React-cxxreact (= 0.71.16)
    - React-jsi (= 0.71.16)
    - React-logger (= 0.71.16)
    - React-perflogger (= 0.71.16)
  - ReactCommon/turbomodule/samples (0.71.16):
    - DoubleConversion
    - glog
    - RCT-Folly (= 2021.07.22.00)
    - React-callinvoker (= 0.71.16)
    - React-Core (= 0.71.16)
    - React-cxxreact (= 0.71.16)
    - React-jsi (= 0.71.16)
    - React-logger (= 0.71.16)
    - React-perflogger (= 0.71.16)
    - ReactCommon/turbomodule/core (= 0.71.16)
  - ScreenshotManager (0.0.1):
    - RCT-Folly (= 2021.07.22.00)
    - React-Core
  - SocketRocket (0.6.0)
  - Yoga (1.14.0)

DEPENDENCIES:
  - boost (from `../../third-party-podspecs/boost.podspec`)
  - DoubleConversion (from `../../third-party-podspecs/DoubleConversion.podspec`)
  - FBLazyVector (from `../../Libraries/FBLazyVector`)
  - FBReactNativeSpec (from `../../React/FBReactNativeSpec`)
  - glog (from `../../third-party-podspecs/glog.podspec`)
  - OCMock (~> 3.9.1)
  - RCT-Folly (from `../../third-party-podspecs/RCT-Folly.podspec`)
  - RCTRequired (from `../../Libraries/RCTRequired`)
  - RCTTypeSafety (from `../../Libraries/TypeSafety`)
  - React (from `../../`)
  - React-callinvoker (from `../../ReactCommon/callinvoker`)
  - React-Codegen (from `build/generated/ios`)
  - React-Core (from `../../`)
  - React-Core/RCTWebSocket (from `../../`)
  - React-CoreModules (from `../../React/CoreModules`)
  - React-cxxreact (from `../../ReactCommon/cxxreact`)
  - React-jsc (from `../../ReactCommon/jsc`)
  - React-jsi (from `../../ReactCommon/jsi`)
  - React-jsiexecutor (from `../../ReactCommon/jsiexecutor`)
  - React-jsinspector (from `../../ReactCommon/jsinspector`)
  - React-logger (from `../../ReactCommon/logger`)
  - React-perflogger (from `../../ReactCommon/reactperflogger`)
  - React-RCTActionSheet (from `../../Libraries/ActionSheetIOS`)
  - React-RCTAnimation (from `../../Libraries/NativeAnimation`)
  - React-RCTAppDelegate (from `../../Libraries/AppDelegate`)
  - React-RCTBlob (from `../../Libraries/Blob`)
  - React-RCTImage (from `../../Libraries/Image`)
  - React-RCTLinking (from `../../Libraries/LinkingIOS`)
  - React-RCTNetwork (from `../../Libraries/Network`)
  - React-RCTPushNotification (from `../../Libraries/PushNotificationIOS`)
  - React-RCTSettings (from `../../Libraries/Settings`)
  - React-RCTTest (from `./RCTTest`)
  - React-RCTText (from `../../Libraries/Text`)
  - React-RCTVibration (from `../../Libraries/Vibration`)
  - React-runtimeexecutor (from `../../ReactCommon/runtimeexecutor`)
  - ReactCommon/turbomodule/core (from `../../ReactCommon`)
  - ReactCommon/turbomodule/samples (from `../../ReactCommon`)
  - ScreenshotManager (from `NativeModuleExample`)
  - Yoga (from `../../ReactCommon/yoga`)

SPEC REPOS:
  trunk:
    - fmt
    - OCMock
    - SocketRocket

EXTERNAL SOURCES:
  boost:
    :podspec: "../../third-party-podspecs/boost.podspec"
  DoubleConversion:
    :podspec: "../../third-party-podspecs/DoubleConversion.podspec"
  FBLazyVector:
    :path: "../../Libraries/FBLazyVector"
  FBReactNativeSpec:
    :path: "../../React/FBReactNativeSpec"
  glog:
    :podspec: "../../third-party-podspecs/glog.podspec"
  RCT-Folly:
    :podspec: "../../third-party-podspecs/RCT-Folly.podspec"
  RCTRequired:
    :path: "../../Libraries/RCTRequired"
  RCTTypeSafety:
    :path: "../../Libraries/TypeSafety"
  React:
    :path: "../../"
  React-callinvoker:
    :path: "../../ReactCommon/callinvoker"
  React-Codegen:
    :path: build/generated/ios
  React-Core:
    :path: "../../"
  React-CoreModules:
    :path: "../../React/CoreModules"
  React-cxxreact:
    :path: "../../ReactCommon/cxxreact"
  React-jsc:
    :path: "../../ReactCommon/jsc"
  React-jsi:
    :path: "../../ReactCommon/jsi"
  React-jsiexecutor:
    :path: "../../ReactCommon/jsiexecutor"
  React-jsinspector:
    :path: "../../ReactCommon/jsinspector"
  React-logger:
    :path: "../../ReactCommon/logger"
  React-perflogger:
    :path: "../../ReactCommon/reactperflogger"
  React-RCTActionSheet:
    :path: "../../Libraries/ActionSheetIOS"
  React-RCTAnimation:
    :path: "../../Libraries/NativeAnimation"
  React-RCTAppDelegate:
    :path: "../../Libraries/AppDelegate"
  React-RCTBlob:
    :path: "../../Libraries/Blob"
  React-RCTImage:
    :path: "../../Libraries/Image"
  React-RCTLinking:
    :path: "../../Libraries/LinkingIOS"
  React-RCTNetwork:
    :path: "../../Libraries/Network"
  React-RCTPushNotification:
    :path: "../../Libraries/PushNotificationIOS"
  React-RCTSettings:
    :path: "../../Libraries/Settings"
  React-RCTTest:
    :path: "./RCTTest"
  React-RCTText:
    :path: "../../Libraries/Text"
  React-RCTVibration:
    :path: "../../Libraries/Vibration"
  React-runtimeexecutor:
    :path: "../../ReactCommon/runtimeexecutor"
  ReactCommon:
    :path: "../../ReactCommon"
  ScreenshotManager:
    :path: NativeModuleExample
  Yoga:
    :path: "../../ReactCommon/yoga"

SPEC CHECKSUMS:
  boost: 8fa3cd00fa17ef6c3221e5fd283fa93e81d23017
  DoubleConversion: acaf5db79676d2e9119015819153f0f99191de12
  FBLazyVector: 5d36b6e32fc536fa25be7017756c54b8394a4558
  FBReactNativeSpec: e0b592f2aff1ae3ab965c3f9ae1e81bdb75d2eac
  fmt: ff9d55029c625d3757ed641535fd4a75fedc7ce9
  glog: 6df0a3d6e2750a50609471fd1a01fd2948d405b5
  OCMock: 9491e4bec59e0b267d52a9184ff5605995e74be8
  RCT-Folly: bf7b4921a91932051ebf1c5c2d297154b1fa3c8c
  RCTRequired: edb05f3bd948880a0f3b3cd45b027b503e2bab2e
  RCTTypeSafety: 6457563dca7800aaa2e35065557fbc54a47758ad
  React: ef46b1373b3cb1893384ab27ea6a379fbfeed1a1
  React-callinvoker: 37cbd4d95410086d5d1da8543926edf417631e5e
  React-Codegen: 72223f1253005514246fa8968caa4ddcbf3d41d5
  React-Core: d14b2d5c6690f577074f380ea4a32bb15e92a219
  React-CoreModules: b0d5b58a56ca1f6d175aff02b91e7263570c4093
  React-cxxreact: c5c3ff7a1d0d9debb6728c18b71e4095a0431eb2
  React-jsc: 545b15ea69a4ca54d41df0ee5fca978b3336c917
  React-jsi: b6f6c6d1268b981f71550a9f70ed53cd38f7ca51
  React-jsiexecutor: 0166cfc09aa07e15f37b5eddcc11dbfb9b0f57a2
  React-jsinspector: 909e7bcdbb705d4342ee8668d913fe48db5cb152
  React-logger: 397206df40857603668c035cf2a7dbb7874e1150
  React-perflogger: 80d31ecc1f69bab9cc055117ef7fb1c0b53f9f48
  React-RCTActionSheet: aefe693375a8c155bf493db1416037c6e601f851
  React-RCTAnimation: 451d04a3183adf3bc884e50c18ecaa0bb28f162b
  React-RCTAppDelegate: 266ae45820dca177afa81b85c5d8c3a8cffd696d
  React-RCTBlob: 477e08702c4197db14ecb4de74635d8e785814a2
  React-RCTImage: 39d13990fb8c9dde18d4800032311719eb2c7f7a
  React-RCTLinking: 5b96eebce34bb4a60b6c0da3363e905ba46cbd5e
  React-RCTNetwork: 3e77da2d72618590f65ce51acbc16436b99f4229
  React-RCTPushNotification: 01028be533184a44bdf850337acb4ffd25ff918c
  React-RCTSettings: a92e56eb73fb448b43c2c96c3deed0c501050547
  React-RCTTest: 27876fe3be7bb210417ae61dbe59b32d15c6dd95
  React-RCTText: 2e26acb40441cc86ab977dda80b134c12e254f8c
  React-RCTVibration: 550260acb66508f2ed4cdf1ca33ba2a84094916b
  React-runtimeexecutor: 3e91d54f795f6d3fd7f84131581ac9f0ab841e45
  ReactCommon: ea972ca9585b823fa27f7949817ff8cf1185f837
  ScreenshotManager: 2fac62be553326d7d32ef3019c9fa4fd7b59918d
  SocketRocket: fccef3f9c5cedea1353a9ef6ada904fde10d6608
  Yoga: 89afe8e1cf1e393bfefa2c0a518fcad203773e63

PODFILE CHECKSUM: 3957102092bb49bb662ae384e29ce5c5a237f6a6

COCOAPODS: 1.12.0
