PODS:
  - boost (1.76.0)
  - CocoaAsyncSocket (7.6.5)
  - DoubleConversion (1.1.6)
  - FBLazyVector (0.68.67)
  - FBReactNativeSpec (0.68.67):
    - RCT-Folly (= 2021.06.28.00-v2)
    - RCTRequired (= 0.68.67)
    - RCTTypeSafety (= 0.68.67)
    - React-Core (= 0.68.67)
    - React-jsi (= 0.68.67)
    - ReactCommon/turbomodule/core (= 0.68.67)
  - Flipper (0.125.0):
    - Flipper-Folly (~> 2.6)
    - Flipper-RSocket (~> 1.4)
  - Flipper-Boost-iOSX (1.76.0.1.11)
  - Flipper-DoubleConversion (3.2.0)
  - Flipper-Fmt (7.1.7)
  - Flipper-Folly (2.6.10):
    - Flipper-Boost-iOSX
    - Flipper-DoubleConversion
    - Flipper-Fmt (= 7.1.7)
    - Flipper-Glog
    - libevent (~> 2.1.12)
    - OpenSSL-Universal (= 1.1.1100)
  - Flipper-Glog (0.5.0.4)
  - Flipper-PeerTalk (0.0.4)
  - Flipper-RSocket (1.4.3):
    - Flipper-Folly (~> 2.6)
  - FlipperKit (0.125.0):
    - FlipperKit/Core (= 0.125.0)
  - FlipperKit/Core (0.125.0):
    - Flipper (~> 0.125.0)
    - FlipperKit/CppBridge
    - FlipperKit/FBCxxFollyDynamicConvert
    - FlipperKit/FBDefines
    - FlipperKit/FKPortForwarding
    - SocketRocket (~> 0.6.0)
  - FlipperKit/CppBridge (0.125.0):
    - Flipper (~> 0.125.0)
  - FlipperKit/FBCxxFollyDynamicConvert (0.125.0):
    - Flipper-Folly (~> 2.6)
  - FlipperKit/FBDefines (0.125.0)
  - FlipperKit/FKPortForwarding (0.125.0):
    - CocoaAsyncSocket (~> 7.6)
    - Flipper-PeerTalk (~> 0.0.4)
  - FlipperKit/FlipperKitHighlightOverlay (0.125.0)
  - FlipperKit/FlipperKitLayoutHelpers (0.125.0):
    - FlipperKit/Core
    - FlipperKit/FlipperKitHighlightOverlay
    - FlipperKit/FlipperKitLayoutTextSearchable
  - FlipperKit/FlipperKitLayoutIOSDescriptors (0.125.0):
    - FlipperKit/Core
    - FlipperKit/FlipperKitHighlightOverlay
    - FlipperKit/FlipperKitLayoutHelpers
    - YogaKit (~> 1.18)
  - FlipperKit/FlipperKitLayoutPlugin (0.125.0):
    - FlipperKit/Core
    - FlipperKit/FlipperKitHighlightOverlay
    - FlipperKit/FlipperKitLayoutHelpers
    - FlipperKit/FlipperKitLayoutIOSDescriptors
    - FlipperKit/FlipperKitLayoutTextSearchable
    - YogaKit (~> 1.18)
  - FlipperKit/FlipperKitLayoutTextSearchable (0.125.0)
  - FlipperKit/FlipperKitNetworkPlugin (0.125.0):
    - FlipperKit/Core
  - FlipperKit/FlipperKitReactPlugin (0.125.0):
    - FlipperKit/Core
  - FlipperKit/FlipperKitUserDefaultsPlugin (0.125.0):
    - FlipperKit/Core
  - FlipperKit/SKIOSNetworkPlugin (0.125.0):
    - FlipperKit/Core
    - FlipperKit/FlipperKitNetworkPlugin
  - fmt (6.2.1)
  - glog (0.3.5)
  - libevent (2.1.12)
  - OpenSSL-Universal (1.1.1100)
  - RCT-Folly (2021.06.28.00-v2):
    - boost
    - DoubleConversion
    - fmt (~> 6.2.1)
    - glog
    - RCT-Folly/Default (= 2021.06.28.00-v2)
  - RCT-Folly/Default (2021.06.28.00-v2):
    - boost
    - DoubleConversion
    - fmt (~> 6.2.1)
    - glog
  - RCTRequired (0.68.67)
  - RCTTypeSafety (0.68.67):
    - FBLazyVector (= 0.68.67)
    - RCT-Folly (= 2021.06.28.00-v2)
    - RCTRequired (= 0.68.67)
    - React-Core (= 0.68.67)
  - React (0.68.67):
    - React-Core (= 0.68.67)
    - React-Core/DevSupport (= 0.68.67)
    - React-Core/RCTWebSocket (= 0.68.67)
    - React-RCTActionSheet (= 0.68.67)
    - React-RCTAnimation (= 0.68.67)
    - React-RCTBlob (= 0.68.67)
    - React-RCTImage (= 0.68.67)
    - React-RCTLinking (= 0.68.67)
    - React-RCTNetwork (= 0.68.67)
    - React-RCTSettings (= 0.68.67)
    - React-RCTText (= 0.68.67)
    - React-RCTVibration (= 0.68.67)
  - React-callinvoker (0.68.67)
  - React-Codegen (0.68.67):
    - FBReactNativeSpec (= 0.68.67)
    - RCT-Folly (= 2021.06.28.00-v2)
    - RCTRequired (= 0.68.67)
    - RCTTypeSafety (= 0.68.67)
    - React-Core (= 0.68.67)
    - React-jsi (= 0.68.67)
    - React-jsiexecutor (= 0.68.67)
    - ReactCommon/turbomodule/core (= 0.68.67)
  - React-Core (0.68.67):
    - glog
    - RCT-Folly (= 2021.06.28.00-v2)
    - React-Core/Default (= 0.68.67)
    - React-cxxreact (= 0.68.67)
    - React-jsi (= 0.68.67)
    - React-jsiexecutor (= 0.68.67)
    - React-perflogger (= 0.68.67)
    - SocketRocket (= 0.6.0)
    - Yoga
  - React-Core/CoreModulesHeaders (0.68.67):
    - glog
    - RCT-Folly (= 2021.06.28.00-v2)
    - React-Core/Default
    - React-cxxreact (= 0.68.67)
    - React-jsi (= 0.68.67)
    - React-jsiexecutor (= 0.68.67)
    - React-perflogger (= 0.68.67)
    - SocketRocket (= 0.6.0)
    - Yoga
  - React-Core/Default (0.68.67):
    - glog
    - RCT-Folly (= 2021.06.28.00-v2)
    - React-cxxreact (= 0.68.67)
    - React-jsi (= 0.68.67)
    - React-jsiexecutor (= 0.68.67)
    - React-perflogger (= 0.68.67)
    - SocketRocket (= 0.6.0)
    - Yoga
  - React-Core/DevSupport (0.68.67):
    - glog
    - RCT-Folly (= 2021.06.28.00-v2)
    - React-Core/Default (= 0.68.67)
    - React-Core/RCTWebSocket (= 0.68.67)
    - React-cxxreact (= 0.68.67)
    - React-jsi (= 0.68.67)
    - React-jsiexecutor (= 0.68.67)
    - React-jsinspector (= 0.68.67)
    - React-perflogger (= 0.68.67)
    - SocketRocket (= 0.6.0)
    - Yoga
  - React-Core/RCTActionSheetHeaders (0.68.67):
    - glog
    - RCT-Folly (= 2021.06.28.00-v2)
    - React-Core/Default
    - React-cxxreact (= 0.68.67)
    - React-jsi (= 0.68.67)
    - React-jsiexecutor (= 0.68.67)
    - React-perflogger (= 0.68.67)
    - SocketRocket (= 0.6.0)
    - Yoga
  - React-Core/RCTAnimationHeaders (0.68.67):
    - glog
    - RCT-Folly (= 2021.06.28.00-v2)
    - React-Core/Default
    - React-cxxreact (= 0.68.67)
    - React-jsi (= 0.68.67)
    - React-jsiexecutor (= 0.68.67)
    - React-perflogger (= 0.68.67)
    - SocketRocket (= 0.6.0)
    - Yoga
  - React-Core/RCTBlobHeaders (0.68.67):
    - glog
    - RCT-Folly (= 2021.06.28.00-v2)
    - React-Core/Default
    - React-cxxreact (= 0.68.67)
    - React-jsi (= 0.68.67)
    - React-jsiexecutor (= 0.68.67)
    - React-perflogger (= 0.68.67)
    - SocketRocket (= 0.6.0)
    - Yoga
  - React-Core/RCTImageHeaders (0.68.67):
    - glog
    - RCT-Folly (= 2021.06.28.00-v2)
    - React-Core/Default
    - React-cxxreact (= 0.68.67)
    - React-jsi (= 0.68.67)
    - React-jsiexecutor (= 0.68.67)
    - React-perflogger (= 0.68.67)
    - SocketRocket (= 0.6.0)
    - Yoga
  - React-Core/RCTLinkingHeaders (0.68.67):
    - glog
    - RCT-Folly (= 2021.06.28.00-v2)
    - React-Core/Default
    - React-cxxreact (= 0.68.67)
    - React-jsi (= 0.68.67)
    - React-jsiexecutor (= 0.68.67)
    - React-perflogger (= 0.68.67)
    - SocketRocket (= 0.6.0)
    - Yoga
  - React-Core/RCTNetworkHeaders (0.68.67):
    - glog
    - RCT-Folly (= 2021.06.28.00-v2)
    - React-Core/Default
    - React-cxxreact (= 0.68.67)
    - React-jsi (= 0.68.67)
    - React-jsiexecutor (= 0.68.67)
    - React-perflogger (= 0.68.67)
    - SocketRocket (= 0.6.0)
    - Yoga
  - React-Core/RCTPushNotificationHeaders (0.68.67):
    - glog
    - RCT-Folly (= 2021.06.28.00-v2)
    - React-Core/Default
    - React-cxxreact (= 0.68.67)
    - React-jsi (= 0.68.67)
    - React-jsiexecutor (= 0.68.67)
    - React-perflogger (= 0.68.67)
    - SocketRocket (= 0.6.0)
    - Yoga
  - React-Core/RCTSettingsHeaders (0.68.67):
    - glog
    - RCT-Folly (= 2021.06.28.00-v2)
    - React-Core/Default
    - React-cxxreact (= 0.68.67)
    - React-jsi (= 0.68.67)
    - React-jsiexecutor (= 0.68.67)
    - React-perflogger (= 0.68.67)
    - SocketRocket (= 0.6.0)
    - Yoga
  - React-Core/RCTTextHeaders (0.68.67):
    - glog
    - RCT-Folly (= 2021.06.28.00-v2)
    - React-Core/Default
    - React-cxxreact (= 0.68.67)
    - React-jsi (= 0.68.67)
    - React-jsiexecutor (= 0.68.67)
    - React-perflogger (= 0.68.67)
    - SocketRocket (= 0.6.0)
    - Yoga
  - React-Core/RCTVibrationHeaders (0.68.67):
    - glog
    - RCT-Folly (= 2021.06.28.00-v2)
    - React-Core/Default
    - React-cxxreact (= 0.68.67)
    - React-jsi (= 0.68.67)
    - React-jsiexecutor (= 0.68.67)
    - React-perflogger (= 0.68.67)
    - SocketRocket (= 0.6.0)
    - Yoga
  - React-Core/RCTWebSocket (0.68.67):
    - glog
    - RCT-Folly (= 2021.06.28.00-v2)
    - React-Core/Default (= 0.68.67)
    - React-cxxreact (= 0.68.67)
    - React-jsi (= 0.68.67)
    - React-jsiexecutor (= 0.68.67)
    - React-perflogger (= 0.68.67)
    - SocketRocket (= 0.6.0)
    - Yoga
  - React-CoreModules (0.68.67):
    - RCT-Folly (= 2021.06.28.00-v2)
    - RCTTypeSafety (= 0.68.67)
    - React-Codegen (= 0.68.67)
    - React-Core/CoreModulesHeaders (= 0.68.67)
    - React-jsi (= 0.68.67)
    - React-RCTImage (= 0.68.67)
    - ReactCommon/turbomodule/core (= 0.68.67)
    - SocketRocket (= 0.6.0)
  - React-cxxreact (0.68.67):
    - boost (= 1.76.0)
    - DoubleConversion
    - glog
    - RCT-Folly (= 2021.06.28.00-v2)
    - React-callinvoker (= 0.68.67)
    - React-jsi (= 0.68.67)
    - React-jsinspector (= 0.68.67)
    - React-logger (= 0.68.67)
    - React-perflogger (= 0.68.67)
    - React-runtimeexecutor (= 0.68.67)
  - React-jsi (0.68.67):
    - boost (= 1.76.0)
    - DoubleConversion
    - glog
    - RCT-Folly (= 2021.06.28.00-v2)
    - React-jsi/Default (= 0.68.67)
  - React-jsi/Default (0.68.67):
    - boost (= 1.76.0)
    - DoubleConversion
    - glog
    - RCT-Folly (= 2021.06.28.00-v2)
  - React-jsiexecutor (0.68.67):
    - DoubleConversion
    - glog
    - RCT-Folly (= 2021.06.28.00-v2)
    - React-cxxreact (= 0.68.67)
    - React-jsi (= 0.68.67)
    - React-perflogger (= 0.68.67)
  - React-jsinspector (0.68.67)
  - React-logger (0.68.67):
    - glog
  - React-perflogger (0.68.67)
  - React-RCTActionSheet (0.68.67):
    - React-Core/RCTActionSheetHeaders (= 0.68.67)
  - React-RCTAnimation (0.68.67):
    - RCT-Folly (= 2021.06.28.00-v2)
    - RCTTypeSafety (= 0.68.67)
    - React-Codegen (= 0.68.67)
    - React-Core/RCTAnimationHeaders (= 0.68.67)
    - React-jsi (= 0.68.67)
    - ReactCommon/turbomodule/core (= 0.68.67)
  - React-RCTBlob (0.68.67):
    - RCT-Folly (= 2021.06.28.00-v2)
    - React-Codegen (= 0.68.67)
    - React-Core/RCTBlobHeaders (= 0.68.67)
    - React-Core/RCTWebSocket (= 0.68.67)
    - React-jsi (= 0.68.67)
    - React-RCTNetwork (= 0.68.67)
    - ReactCommon/turbomodule/core (= 0.68.67)
  - React-RCTImage (0.68.67):
    - RCT-Folly (= 2021.06.28.00-v2)
    - RCTTypeSafety (= 0.68.67)
    - React-Codegen (= 0.68.67)
    - React-Core/RCTImageHeaders (= 0.68.67)
    - React-jsi (= 0.68.67)
    - React-RCTNetwork (= 0.68.67)
    - ReactCommon/turbomodule/core (= 0.68.67)
  - React-RCTLinking (0.68.67):
    - React-Codegen (= 0.68.67)
    - React-Core/RCTLinkingHeaders (= 0.68.67)
    - React-jsi (= 0.68.67)
    - ReactCommon/turbomodule/core (= 0.68.67)
  - React-RCTNetwork (0.68.67):
    - RCT-Folly (= 2021.06.28.00-v2)
    - RCTTypeSafety (= 0.68.67)
    - React-Codegen (= 0.68.67)
    - React-Core/RCTNetworkHeaders (= 0.68.67)
    - React-jsi (= 0.68.67)
    - ReactCommon/turbomodule/core (= 0.68.67)
  - React-RCTPushNotification (0.68.67):
    - RCTTypeSafety (= 0.68.67)
    - React-Codegen (= 0.68.67)
    - React-Core/RCTPushNotificationHeaders (= 0.68.67)
    - React-jsi (= 0.68.67)
    - ReactCommon/turbomodule/core (= 0.68.67)
  - React-RCTSettings (0.68.67):
    - RCT-Folly (= 2021.06.28.00-v2)
    - RCTTypeSafety (= 0.68.67)
    - React-Codegen (= 0.68.67)
    - React-Core/RCTSettingsHeaders (= 0.68.67)
    - React-jsi (= 0.68.67)
    - ReactCommon/turbomodule/core (= 0.68.67)
  - React-RCTTest (0.68.67):
    - RCT-Folly (= 2021.06.28.00-v2)
    - React-Core (= 0.68.67)
    - React-CoreModules (= 0.68.67)
    - React-jsi (= 0.68.67)
    - ReactCommon/turbomodule/core (= 0.68.67)
  - React-RCTText (0.68.67):
    - React-Core/RCTTextHeaders (= 0.68.67)
  - React-RCTVibration (0.68.67):
    - RCT-Folly (= 2021.06.28.00-v2)
    - React-Codegen (= 0.68.67)
    - React-Core/RCTVibrationHeaders (= 0.68.67)
    - React-jsi (= 0.68.67)
    - ReactCommon/turbomodule/core (= 0.68.67)
  - React-runtimeexecutor (0.68.67):
    - React-jsi (= 0.68.67)
  - React-TurboModuleCxx-RNW (0.68.67):
    - RCT-Folly (= 2021.06.28.00-v2)
    - React-callinvoker (= 0.68.67)
    - React-TurboModuleCxx-WinRTPort (= 0.68.67)
    - ReactCommon/turbomodule/core (= 0.68.67)
  - React-TurboModuleCxx-WinRTPort (0.68.67):
    - React-TurboModuleCxx-WinRTPort/Shared (= 0.68.67)
    - React-TurboModuleCxx-WinRTPort/WinRT (= 0.68.67)
  - React-TurboModuleCxx-WinRTPort/Shared (0.68.67)
  - React-TurboModuleCxx-WinRTPort/WinRT (0.68.67):
    - RCT-Folly (= 2021.06.28.00-v2)
    - React-callinvoker (= 0.68.67)
    - React-TurboModuleCxx-WinRTPort/Shared (= 0.68.67)
  - ReactCommon/turbomodule/core (0.68.67):
    - DoubleConversion
    - glog
    - RCT-Folly (= 2021.06.28.00-v2)
    - React-callinvoker (= 0.68.67)
    - React-Core (= 0.68.67)
    - React-cxxreact (= 0.68.67)
    - React-jsi (= 0.68.67)
    - React-logger (= 0.68.67)
    - React-perflogger (= 0.68.67)
  - ReactCommon/turbomodule/samples (0.68.67):
    - DoubleConversion
    - glog
    - RCT-Folly (= 2021.06.28.00-v2)
    - React-callinvoker (= 0.68.67)
    - React-Core (= 0.68.67)
    - React-cxxreact (= 0.68.67)
    - React-jsi (= 0.68.67)
    - React-logger (= 0.68.67)
    - React-perflogger (= 0.68.67)
    - ReactCommon/turbomodule/core (= 0.68.67)
  - ScreenshotManager (0.0.1):
    - RCT-Folly (= 2021.06.28.00-v2)
    - React-Core
    - React-TurboModuleCxx-RNW
  - SocketRocket (0.6.0)
  - Yoga (1.14.0)
  - YogaKit (1.18.1):
    - Yoga (~> 1.14)

DEPENDENCIES:
  - boost (from `../../third-party-podspecs/boost.podspec`)
  - DoubleConversion (from `../../third-party-podspecs/DoubleConversion.podspec`)
  - FBLazyVector (from `../../Libraries/FBLazyVector`)
  - FBReactNativeSpec (from `../../React/FBReactNativeSpec`)
  - Flipper (= 0.125.0)
  - Flipper-Boost-iOSX (= 1.76.0.1.11)
  - Flipper-DoubleConversion (= 3.2.0)
  - Flipper-Fmt (= 7.1.7)
  - Flipper-Folly (= 2.6.10)
  - Flipper-Glog (= 0.5.0.4)
  - Flipper-PeerTalk (= 0.0.4)
  - Flipper-RSocket (= 1.4.3)
  - FlipperKit (= 0.125.0)
  - FlipperKit/Core (= 0.125.0)
  - FlipperKit/CppBridge (= 0.125.0)
  - FlipperKit/FBCxxFollyDynamicConvert (= 0.125.0)
  - FlipperKit/FBDefines (= 0.125.0)
  - FlipperKit/FKPortForwarding (= 0.125.0)
  - FlipperKit/FlipperKitHighlightOverlay (= 0.125.0)
  - FlipperKit/FlipperKitLayoutPlugin (= 0.125.0)
  - FlipperKit/FlipperKitLayoutTextSearchable (= 0.125.0)
  - FlipperKit/FlipperKitNetworkPlugin (= 0.125.0)
  - FlipperKit/FlipperKitReactPlugin (= 0.125.0)
  - FlipperKit/FlipperKitUserDefaultsPlugin (= 0.125.0)
  - FlipperKit/SKIOSNetworkPlugin (= 0.125.0)
  - glog (from `../../third-party-podspecs/glog.podspec`)
  - OpenSSL-Universal (= 1.1.1100)
  - RCT-Folly (from `../../third-party-podspecs/RCT-Folly.podspec`)
  - RCTRequired (from `../../Libraries/RCTRequired`)
  - RCTTypeSafety (from `../../Libraries/TypeSafety`)
  - React (from `../../`)
  - React-callinvoker (from `../../ReactCommon/callinvoker`)
  - React-Codegen (from `build/generated/ios`)
  - React-Core (from `../../`)
  - React-Core/DevSupport (from `../../`)
  - React-Core/RCTWebSocket (from `../../`)
  - React-CoreModules (from `../../React/CoreModules`)
  - React-cxxreact (from `../../ReactCommon/cxxreact`)
  - React-jsi (from `../../ReactCommon/jsi`)
  - React-jsiexecutor (from `../../ReactCommon/jsiexecutor`)
  - React-jsinspector (from `../../ReactCommon/jsinspector`)
  - React-logger (from `../../ReactCommon/logger`)
  - React-perflogger (from `../../ReactCommon/reactperflogger`)
  - React-RCTActionSheet (from `../../Libraries/ActionSheetIOS`)
  - React-RCTAnimation (from `../../Libraries/NativeAnimation`)
  - React-RCTBlob (from `../../Libraries/Blob`)
  - React-RCTImage (from `../../Libraries/Image`)
  - React-RCTLinking (from `../../Libraries/LinkingIOS`)
  - React-RCTNetwork (from `../../Libraries/Network`)
  - React-RCTPushNotification (from `../../Libraries/PushNotificationIOS`)
  - React-RCTSettings (from `../../Libraries/Settings`)
  - React-RCTTest (from `./RCTTest`)
  - React-RCTText (from `../../Libraries/Text`)
  - React-RCTVibration (from `../../Libraries/Vibration`)
  - React-runtimeexecutor (from `../../ReactCommon/runtimeexecutor`)
  - React-TurboModuleCxx-RNW (from `../../ReactTurboModuleCxx/React-TurboModuleCxx-RNW.podspec`)
  - React-TurboModuleCxx-WinRTPort (from `../../ReactTurboModuleCxx`)
  - ReactCommon/turbomodule/core (from `../../ReactCommon`)
  - ReactCommon/turbomodule/samples (from `../../ReactCommon`)
  - ScreenshotManager (from `NativeModuleExample`)
  - Yoga (from `../../ReactCommon/yoga`)

SPEC REPOS:
  trunk:
    - CocoaAsyncSocket
    - Flipper
    - Flipper-Boost-iOSX
    - Flipper-DoubleConversion
    - Flipper-Fmt
    - Flipper-Folly
    - Flipper-Glog
    - Flipper-PeerTalk
    - Flipper-RSocket
    - FlipperKit
    - fmt
    - libevent
    - OpenSSL-Universal
    - SocketRocket
    - YogaKit

EXTERNAL SOURCES:
  boost:
    :podspec: "../../third-party-podspecs/boost.podspec"
  DoubleConversion:
    :podspec: "../../third-party-podspecs/DoubleConversion.podspec"
  FBLazyVector:
    :path: "../../Libraries/FBLazyVector"
  FBReactNativeSpec:
    :path: "../../React/FBReactNativeSpec"
  glog:
    :podspec: "../../third-party-podspecs/glog.podspec"
  RCT-Folly:
    :podspec: "../../third-party-podspecs/RCT-Folly.podspec"
  RCTRequired:
    :path: "../../Libraries/RCTRequired"
  RCTTypeSafety:
    :path: "../../Libraries/TypeSafety"
  React:
    :path: "../../"
  React-callinvoker:
    :path: "../../ReactCommon/callinvoker"
  React-Codegen:
    :path: build/generated/ios
  React-Core:
    :path: "../../"
  React-CoreModules:
    :path: "../../React/CoreModules"
  React-cxxreact:
    :path: "../../ReactCommon/cxxreact"
  React-jsi:
    :path: "../../ReactCommon/jsi"
  React-jsiexecutor:
    :path: "../../ReactCommon/jsiexecutor"
  React-jsinspector:
    :path: "../../ReactCommon/jsinspector"
  React-logger:
    :path: "../../ReactCommon/logger"
  React-perflogger:
    :path: "../../ReactCommon/reactperflogger"
  React-RCTActionSheet:
    :path: "../../Libraries/ActionSheetIOS"
  React-RCTAnimation:
    :path: "../../Libraries/NativeAnimation"
  React-RCTBlob:
    :path: "../../Libraries/Blob"
  React-RCTImage:
    :path: "../../Libraries/Image"
  React-RCTLinking:
    :path: "../../Libraries/LinkingIOS"
  React-RCTNetwork:
    :path: "../../Libraries/Network"
  React-RCTPushNotification:
    :path: "../../Libraries/PushNotificationIOS"
  React-RCTSettings:
    :path: "../../Libraries/Settings"
  React-RCTTest:
    :path: "./RCTTest"
  React-RCTText:
    :path: "../../Libraries/Text"
  React-RCTVibration:
    :path: "../../Libraries/Vibration"
  React-runtimeexecutor:
    :path: "../../ReactCommon/runtimeexecutor"
  React-TurboModuleCxx-RNW:
    :podspec: "../../ReactTurboModuleCxx/React-TurboModuleCxx-RNW.podspec"
  React-TurboModuleCxx-WinRTPort:
    :path: "../../ReactTurboModuleCxx"
  ReactCommon:
    :path: "../../ReactCommon"
  ScreenshotManager:
    :path: NativeModuleExample
  Yoga:
    :path: "../../ReactCommon/yoga"

SPEC CHECKSUMS:
  boost: 613e39eac4239cc72b15421247b5ab05361266a2
  CocoaAsyncSocket: 065fd1e645c7abab64f7a6a2007a48038fdc6a99
  DoubleConversion: ed15e075aa758ac0e4c1f8b830bd4e4d40d669e8
  FBLazyVector: 7bfebcced895c01d73f476917c33ddfc49f5b291
  FBReactNativeSpec: 009793a4bdc05a7e4247e9869a609cbd9d70df27
  Flipper: 26fc4b7382499f1281eb8cb921e5c3ad6de91fe0
  Flipper-Boost-iOSX: fd1e2b8cbef7e662a122412d7ac5f5bea715403c
  Flipper-DoubleConversion: 3d3d04a078d4f3a1b6c6916587f159dc11f232c4
  Flipper-Fmt: 60cbdd92fc254826e61d669a5d87ef7015396a9b
  Flipper-Folly: 584845625005ff068a6ebf41f857f468decd26b3
  Flipper-Glog: 87bc98ff48de90cb5b0b5114ed3da79d85ee2dd4
  Flipper-PeerTalk: 116d8f857dc6ef55c7a5a75ea3ceaafe878aadc9
  Flipper-RSocket: d9d9ade67cbecf6ac10730304bf5607266dd2541
  FlipperKit: cbdee19bdd4e7f05472a66ce290f1b729ba3cb86
  fmt: ff9d55029c625d3757ed641535fd4a75fedc7ce9
  glog: 20113a0d46931b6f096cf8302c68691d75a456ff
  libevent: 4049cae6c81cdb3654a443be001fb9bdceff7913
  OpenSSL-Universal: ebc357f1e6bc71fa463ccb2fe676756aff50e88c
  RCT-Folly: 5544a3ff21f4406e70e92a8711598e97fc81517c
  RCTRequired: fece3c0808a220769464ebdd3dc5f0713057a929
  RCTTypeSafety: f57e5bb0a9cdbaf405a62c187a2e1b69cbe99f0b
  React: 5b483df697a9577058b1aa14dd717705c0041222
  React-callinvoker: ffbadf125e12579c598f0feede343f59933af3c3
  React-Codegen: 9f80bb770d49bf368be6fa540764852736df21c1
  React-Core: 3395048e88a200bdb480cdf79f1838cea755975a
  React-CoreModules: 7dedac3257653b7f63eb4985bf3da43ac4fd23c9
  React-cxxreact: e2c8d0c662c5ac528a49908074d7ca525f1fb062
  React-jsi: 77d8f35d7f1e835e58d3cbaefd05c2ec250f83e2
  React-jsiexecutor: 74ce2ca671847e950f3749da830695f351b88c0a
  React-jsinspector: 2517685f2fb5d0f497b0a9a2711da98abd7245e8
  React-logger: 6b87b4f0a0690b24ed114f94ec83342ac9b29b8c
  React-perflogger: 65dbd44844aed1fe2fb05b7fc7718a3189ed14de
  React-RCTActionSheet: 191f7048ac87b76c272aef02b805229381583baa
  React-RCTAnimation: dad08278d2c87c07d04aa87fd05c3030110009d4
  React-RCTBlob: fea96a6b93d58c59a51a8439e1b988d2cc7ae3ed
  React-RCTImage: 3c46544253a628c37bec1a335b280d97140ad46f
  React-RCTLinking: ffdfab3a668cdd0fda7cd121575dd5fac3fffa95
  React-RCTNetwork: 1c9c1ce93db4ccc90bc7059b26b08fb2880bc5b0
  React-RCTPushNotification: 0ef5d6f346cb6d1505c0b5e64ed9e1fbb2ecd73d
  React-RCTSettings: e19db96fb3b391580dbc0595ad58cef2c297ea97
  React-RCTTest: 7945f2e807d16f45cf513b792ec8b53d061c24a0
  React-RCTText: 2d3d6134ac85da5c95f4f929f8569761d58d6e91
  React-RCTVibration: 9a3fdb15269193dac4961838d6410ec8cff4429d
  React-runtimeexecutor: 03ce535d2bf2cc72d490d492eef859181e3c04d8
  React-TurboModuleCxx-RNW: be7ecfc56f2b71547ce6998522af07c67ab64ef7
  React-TurboModuleCxx-WinRTPort: dc743f9431f680a8d3b3fdc2083a5e120c2269e0
  ReactCommon: 91519dda8c5e923a43a44faf5f9ece69dcfffea6
  ScreenshotManager: a2479ac2273d34c8c2c1e4b8e33fe46fb2f0fb60
  SocketRocket: fccef3f9c5cedea1353a9ef6ada904fde10d6608
  Yoga: c9f2c0cd62c812f9f4840a52af8cd23652940580
  YogaKit: f782866e155069a2cca2517aafea43200b01fd5a

PODFILE CHECKSUM: f75714fcec17ede364b8166fcfded0d9bc9ea275

COCOAPODS: 1.11.3
