PODS:
  - boost (1.76.0)
  - DoubleConversion (1.1.6)
  - FBLazyVector (0.71.25)
  - FBReactNativeSpec (0.71.25):
    - RCT-Folly (= 2021.07.22.00)
    - RCTRequired (= 0.71.25)
    - RCTTypeSafety (= 0.71.25)
    - React-Core (= 0.71.25)
    - React-jsi (= 0.71.25)
    - ReactCommon/turbomodule/core (= 0.71.25)
  - fmt (6.2.1)
  - glog (0.3.5)
  - OCMock (3.9.1)
  - RCT-Folly (2021.07.22.00):
    - boost
    - DoubleConversion
    - fmt (~> 6.2.1)
    - glog
    - RCT-Folly/Default (= 2021.07.22.00)
  - RCT-Folly/Default (2021.07.22.00):
    - boost
    - DoubleConversion
    - fmt (~> 6.2.1)
    - glog
  - RCTRequired (0.71.25)
  - RCTTypeSafety (0.71.25):
    - FBLazyVector (= 0.71.25)
    - RCTRequired (= 0.71.25)
    - React-Core (= 0.71.25)
  - React (0.71.25):
    - React-Core (= 0.71.25)
    - React-Core/DevSupport (= 0.71.25)
    - React-Core/RCTWebSocket (= 0.71.25)
    - React-RCTActionSheet (= 0.71.25)
    - React-RCTAnimation (= 0.71.25)
    - React-RCTBlob (= 0.71.25)
    - React-RCTImage (= 0.71.25)
    - React-RCTLinking (= 0.71.25)
    - React-RCTNetwork (= 0.71.25)
    - React-RCTSettings (= 0.71.25)
    - React-RCTText (= 0.71.25)
    - React-RCTVibration (= 0.71.25)
  - React-callinvoker (0.71.25)
  - React-Codegen (0.71.25):
    - FBReactNativeSpec
    - RCT-Folly
    - RCTRequired
    - RCTTypeSafety
    - React-Core
    - React-jsc
    - React-jsi
    - React-jsiexecutor
    - ReactCommon/turbomodule/bridging
    - ReactCommon/turbomodule/core
  - React-Core (0.71.25):
    - glog
    - RCT-Folly (= 2021.07.22.00)
    - React-Core/Default (= 0.71.25)
    - React-cxxreact (= 0.71.25)
    - React-jsc
    - React-jsi (= 0.71.25)
    - React-jsiexecutor (= 0.71.25)
    - React-perflogger (= 0.71.25)
    - SocketRocket (= 0.7.0)
    - Yoga
  - React-Core/CoreModulesHeaders (0.71.25):
    - glog
    - RCT-Folly (= 2021.07.22.00)
    - React-Core/Default
    - React-cxxreact (= 0.71.25)
    - React-jsc
    - React-jsi (= 0.71.25)
    - React-jsiexecutor (= 0.71.25)
    - React-perflogger (= 0.71.25)
    - SocketRocket (= 0.7.0)
    - Yoga
  - React-Core/Default (0.71.25):
    - glog
    - RCT-Folly (= 2021.07.22.00)
    - React-cxxreact (= 0.71.25)
    - React-jsc
    - React-jsi (= 0.71.25)
    - React-jsiexecutor (= 0.71.25)
    - React-perflogger (= 0.71.25)
    - SocketRocket (= 0.7.0)
    - Yoga
  - React-Core/DevSupport (0.71.25):
    - glog
    - RCT-Folly (= 2021.07.22.00)
    - React-Core/Default (= 0.71.25)
    - React-Core/RCTWebSocket (= 0.71.25)
    - React-cxxreact (= 0.71.25)
    - React-jsc
    - React-jsi (= 0.71.25)
    - React-jsiexecutor (= 0.71.25)
    - React-jsinspector (= 0.71.25)
    - React-perflogger (= 0.71.25)
    - SocketRocket (= 0.7.0)
    - Yoga
  - React-Core/RCTActionSheetHeaders (0.71.25):
    - glog
    - RCT-Folly (= 2021.07.22.00)
    - React-Core/Default
    - React-cxxreact (= 0.71.25)
    - React-jsc
    - React-jsi (= 0.71.25)
    - React-jsiexecutor (= 0.71.25)
    - React-perflogger (= 0.71.25)
    - SocketRocket (= 0.7.0)
    - Yoga
  - React-Core/RCTAnimationHeaders (0.71.25):
    - glog
    - RCT-Folly (= 2021.07.22.00)
    - React-Core/Default
    - React-cxxreact (= 0.71.25)
    - React-jsc
    - React-jsi (= 0.71.25)
    - React-jsiexecutor (= 0.71.25)
    - React-perflogger (= 0.71.25)
    - SocketRocket (= 0.7.0)
    - Yoga
  - React-Core/RCTBlobHeaders (0.71.25):
    - glog
    - RCT-Folly (= 2021.07.22.00)
    - React-Core/Default
    - React-cxxreact (= 0.71.25)
    - React-jsc
    - React-jsi (= 0.71.25)
    - React-jsiexecutor (= 0.71.25)
    - React-perflogger (= 0.71.25)
    - SocketRocket (= 0.7.0)
    - Yoga
  - React-Core/RCTImageHeaders (0.71.25):
    - glog
    - RCT-Folly (= 2021.07.22.00)
    - React-Core/Default
    - React-cxxreact (= 0.71.25)
    - React-jsc
    - React-jsi (= 0.71.25)
    - React-jsiexecutor (= 0.71.25)
    - React-perflogger (= 0.71.25)
    - SocketRocket (= 0.7.0)
    - Yoga
  - React-Core/RCTLinkingHeaders (0.71.25):
    - glog
    - RCT-Folly (= 2021.07.22.00)
    - React-Core/Default
    - React-cxxreact (= 0.71.25)
    - React-jsc
    - React-jsi (= 0.71.25)
    - React-jsiexecutor (= 0.71.25)
    - React-perflogger (= 0.71.25)
    - SocketRocket (= 0.7.0)
    - Yoga
  - React-Core/RCTNetworkHeaders (0.71.25):
    - glog
    - RCT-Folly (= 2021.07.22.00)
    - React-Core/Default
    - React-cxxreact (= 0.71.25)
    - React-jsc
    - React-jsi (= 0.71.25)
    - React-jsiexecutor (= 0.71.25)
    - React-perflogger (= 0.71.25)
    - SocketRocket (= 0.7.0)
    - Yoga
  - React-Core/RCTPushNotificationHeaders (0.71.25):
    - glog
    - RCT-Folly (= 2021.07.22.00)
    - React-Core/Default
    - React-cxxreact (= 0.71.25)
    - React-jsc
    - React-jsi (= 0.71.25)
    - React-jsiexecutor (= 0.71.25)
    - React-perflogger (= 0.71.25)
    - SocketRocket (= 0.7.0)
    - Yoga
  - React-Core/RCTSettingsHeaders (0.71.25):
    - glog
    - RCT-Folly (= 2021.07.22.00)
    - React-Core/Default
    - React-cxxreact (= 0.71.25)
    - React-jsc
    - React-jsi (= 0.71.25)
    - React-jsiexecutor (= 0.71.25)
    - React-perflogger (= 0.71.25)
    - SocketRocket (= 0.7.0)
    - Yoga
  - React-Core/RCTTextHeaders (0.71.25):
    - glog
    - RCT-Folly (= 2021.07.22.00)
    - React-Core/Default
    - React-cxxreact (= 0.71.25)
    - React-jsc
    - React-jsi (= 0.71.25)
    - React-jsiexecutor (= 0.71.25)
    - React-perflogger (= 0.71.25)
    - SocketRocket (= 0.7.0)
    - Yoga
  - React-Core/RCTVibrationHeaders (0.71.25):
    - glog
    - RCT-Folly (= 2021.07.22.00)
    - React-Core/Default
    - React-cxxreact (= 0.71.25)
    - React-jsc
    - React-jsi (= 0.71.25)
    - React-jsiexecutor (= 0.71.25)
    - React-perflogger (= 0.71.25)
    - SocketRocket (= 0.7.0)
    - Yoga
  - React-Core/RCTWebSocket (0.71.25):
    - glog
    - RCT-Folly (= 2021.07.22.00)
    - React-Core/Default (= 0.71.25)
    - React-cxxreact (= 0.71.25)
    - React-jsc
    - React-jsi (= 0.71.25)
    - React-jsiexecutor (= 0.71.25)
    - React-perflogger (= 0.71.25)
    - SocketRocket (= 0.7.0)
    - Yoga
  - React-CoreModules (0.71.25):
    - RCT-Folly (= 2021.07.22.00)
    - RCTTypeSafety (= 0.71.25)
    - React-Codegen (= 0.71.25)
    - React-Core/CoreModulesHeaders (= 0.71.25)
    - React-jsi (= 0.71.25)
    - React-RCTBlob
    - React-RCTImage (= 0.71.25)
    - ReactCommon/turbomodule/core (= 0.71.25)
    - SocketRocket (= 0.7.0)
  - React-cxxreact (0.71.25):
    - boost (= 1.76.0)
    - DoubleConversion
    - glog
    - RCT-Folly (= 2021.07.22.00)
    - React-callinvoker (= 0.71.25)
    - React-jsi (= 0.71.25)
    - React-jsinspector (= 0.71.25)
    - React-logger (= 0.71.25)
    - React-perflogger (= 0.71.25)
    - React-runtimeexecutor (= 0.71.25)
  - React-jsc (0.71.25):
    - React-jsc/Fabric (= 0.71.25)
    - React-jsi (= 0.71.25)
  - React-jsc/Fabric (0.71.25):
    - React-jsi (= 0.71.25)
  - React-jsi (0.71.25):
    - boost (= 1.76.0)
    - DoubleConversion
    - glog
    - RCT-Folly (= 2021.07.22.00)
  - React-jsiexecutor (0.71.25):
    - DoubleConversion
    - glog
    - RCT-Folly (= 2021.07.22.00)
    - React-cxxreact (= 0.71.25)
    - React-jsi (= 0.71.25)
    - React-perflogger (= 0.71.25)
  - React-jsinspector (0.71.25)
  - React-logger (0.71.25):
    - glog
  - React-perflogger (0.71.25)
  - React-RCTActionSheet (0.71.25):
    - React-Core/RCTActionSheetHeaders (= 0.71.25)
  - React-RCTAnimation (0.71.25):
    - RCT-Folly (= 2021.07.22.00)
    - RCTTypeSafety (= 0.71.25)
    - React-Codegen (= 0.71.25)
    - React-Core/RCTAnimationHeaders (= 0.71.25)
    - React-jsi (= 0.71.25)
    - ReactCommon/turbomodule/core (= 0.71.25)
  - React-RCTAppDelegate (0.71.25):
    - RCT-Folly
    - RCTRequired
    - RCTTypeSafety
    - React-Core
    - ReactCommon/turbomodule/core
  - React-RCTBlob (0.71.25):
    - RCT-Folly (= 2021.07.22.00)
    - React-Codegen (= 0.71.25)
    - React-Core/RCTBlobHeaders (= 0.71.25)
    - React-Core/RCTWebSocket (= 0.71.25)
    - React-jsi (= 0.71.25)
    - React-RCTNetwork (= 0.71.25)
    - ReactCommon/turbomodule/core (= 0.71.25)
  - React-RCTImage (0.71.25):
    - RCT-Folly (= 2021.07.22.00)
    - RCTTypeSafety (= 0.71.25)
    - React-Codegen (= 0.71.25)
    - React-Core/RCTImageHeaders (= 0.71.25)
    - React-jsi (= 0.71.25)
    - React-RCTNetwork (= 0.71.25)
    - ReactCommon/turbomodule/core (= 0.71.25)
  - React-RCTLinking (0.71.25):
    - React-Codegen (= 0.71.25)
    - React-Core/RCTLinkingHeaders (= 0.71.25)
    - React-jsi (= 0.71.25)
    - ReactCommon/turbomodule/core (= 0.71.25)
  - React-RCTNetwork (0.71.25):
    - RCT-Folly (= 2021.07.22.00)
    - RCTTypeSafety (= 0.71.25)
    - React-Codegen (= 0.71.25)
    - React-Core/RCTNetworkHeaders (= 0.71.25)
    - React-jsi (= 0.71.25)
    - ReactCommon/turbomodule/core (= 0.71.25)
  - React-RCTPushNotification (0.71.25):
    - RCTTypeSafety (= 0.71.25)
    - React-Codegen (= 0.71.25)
    - React-Core/RCTPushNotificationHeaders (= 0.71.25)
    - React-jsi (= 0.71.25)
    - ReactCommon/turbomodule/core (= 0.71.25)
  - React-RCTSettings (0.71.25):
    - RCT-Folly (= 2021.07.22.00)
    - RCTTypeSafety (= 0.71.25)
    - React-Codegen (= 0.71.25)
    - React-Core/RCTSettingsHeaders (= 0.71.25)
    - React-jsi (= 0.71.25)
    - ReactCommon/turbomodule/core (= 0.71.25)
  - React-RCTTest (0.71.25):
    - RCT-Folly (= 2021.07.22.00)
    - React-Core (= 0.71.25)
    - React-CoreModules (= 0.71.25)
    - React-jsi (= 0.71.25)
    - ReactCommon/turbomodule/core (= 0.71.25)
  - React-RCTText (0.71.25):
    - React-Core/RCTTextHeaders (= 0.71.25)
  - React-RCTVibration (0.71.25):
    - RCT-Folly (= 2021.07.22.00)
    - React-Codegen (= 0.71.25)
    - React-Core/RCTVibrationHeaders (= 0.71.25)
    - React-jsi (= 0.71.25)
    - ReactCommon/turbomodule/core (= 0.71.25)
  - React-runtimeexecutor (0.71.25):
    - React-jsi (= 0.71.25)
  - ReactCommon/turbomodule/bridging (0.71.25):
    - DoubleConversion
    - glog
    - RCT-Folly (= 2021.07.22.00)
    - React-callinvoker (= 0.71.25)
    - React-Core (= 0.71.25)
    - React-cxxreact (= 0.71.25)
    - React-jsi (= 0.71.25)
    - React-logger (= 0.71.25)
    - React-perflogger (= 0.71.25)
  - ReactCommon/turbomodule/core (0.71.25):
    - DoubleConversion
    - glog
    - RCT-Folly (= 2021.07.22.00)
    - React-callinvoker (= 0.71.25)
    - React-Core (= 0.71.25)
    - React-cxxreact (= 0.71.25)
    - React-jsi (= 0.71.25)
    - React-logger (= 0.71.25)
    - React-perflogger (= 0.71.25)
  - ReactCommon/turbomodule/samples (0.71.25):
    - DoubleConversion
    - glog
    - RCT-Folly (= 2021.07.22.00)
    - React-callinvoker (= 0.71.25)
    - React-Core (= 0.71.25)
    - React-cxxreact (= 0.71.25)
    - React-jsi (= 0.71.25)
    - React-logger (= 0.71.25)
    - React-perflogger (= 0.71.25)
    - ReactCommon/turbomodule/core (= 0.71.25)
  - ScreenshotManager (0.0.1):
    - RCT-Folly (= 2021.07.22.00)
    - React-Core
  - SocketRocket (0.7.0)
  - Yoga (1.14.0)

DEPENDENCIES:
  - boost (from `../../third-party-podspecs/boost.podspec`)
  - DoubleConversion (from `../../third-party-podspecs/DoubleConversion.podspec`)
  - FBLazyVector (from `../../Libraries/FBLazyVector`)
  - FBReactNativeSpec (from `../../React/FBReactNativeSpec`)
  - glog (from `../../third-party-podspecs/glog.podspec`)
  - OCMock (~> 3.9.1)
  - RCT-Folly (from `../../third-party-podspecs/RCT-Folly.podspec`)
  - RCTRequired (from `../../Libraries/RCTRequired`)
  - RCTTypeSafety (from `../../Libraries/TypeSafety`)
  - React (from `../../`)
  - React-callinvoker (from `../../ReactCommon/callinvoker`)
  - React-Codegen (from `build/generated/ios`)
  - React-Core (from `../../`)
  - React-Core/RCTWebSocket (from `../../`)
  - React-CoreModules (from `../../React/CoreModules`)
  - React-cxxreact (from `../../ReactCommon/cxxreact`)
  - React-jsc (from `../../ReactCommon/jsc`)
  - React-jsi (from `../../ReactCommon/jsi`)
  - React-jsiexecutor (from `../../ReactCommon/jsiexecutor`)
  - React-jsinspector (from `../../ReactCommon/jsinspector`)
  - React-logger (from `../../ReactCommon/logger`)
  - React-perflogger (from `../../ReactCommon/reactperflogger`)
  - React-RCTActionSheet (from `../../Libraries/ActionSheetIOS`)
  - React-RCTAnimation (from `../../Libraries/NativeAnimation`)
  - React-RCTAppDelegate (from `../../Libraries/AppDelegate`)
  - React-RCTBlob (from `../../Libraries/Blob`)
  - React-RCTImage (from `../../Libraries/Image`)
  - React-RCTLinking (from `../../Libraries/LinkingIOS`)
  - React-RCTNetwork (from `../../Libraries/Network`)
  - React-RCTPushNotification (from `../../Libraries/PushNotificationIOS`)
  - React-RCTSettings (from `../../Libraries/Settings`)
  - React-RCTTest (from `./RCTTest`)
  - React-RCTText (from `../../Libraries/Text`)
  - React-RCTVibration (from `../../Libraries/Vibration`)
  - React-runtimeexecutor (from `../../ReactCommon/runtimeexecutor`)
  - ReactCommon/turbomodule/core (from `../../ReactCommon`)
  - ReactCommon/turbomodule/samples (from `../../ReactCommon`)
  - ScreenshotManager (from `NativeModuleExample`)
  - Yoga (from `../../ReactCommon/yoga`)

SPEC REPOS:
  trunk:
    - fmt
    - OCMock
    - SocketRocket

EXTERNAL SOURCES:
  boost:
    :podspec: "../../third-party-podspecs/boost.podspec"
  DoubleConversion:
    :podspec: "../../third-party-podspecs/DoubleConversion.podspec"
  FBLazyVector:
    :path: "../../Libraries/FBLazyVector"
  FBReactNativeSpec:
    :path: "../../React/FBReactNativeSpec"
  glog:
    :podspec: "../../third-party-podspecs/glog.podspec"
  RCT-Folly:
    :podspec: "../../third-party-podspecs/RCT-Folly.podspec"
  RCTRequired:
    :path: "../../Libraries/RCTRequired"
  RCTTypeSafety:
    :path: "../../Libraries/TypeSafety"
  React:
    :path: "../../"
  React-callinvoker:
    :path: "../../ReactCommon/callinvoker"
  React-Codegen:
    :path: build/generated/ios
  React-Core:
    :path: "../../"
  React-CoreModules:
    :path: "../../React/CoreModules"
  React-cxxreact:
    :path: "../../ReactCommon/cxxreact"
  React-jsc:
    :path: "../../ReactCommon/jsc"
  React-jsi:
    :path: "../../ReactCommon/jsi"
  React-jsiexecutor:
    :path: "../../ReactCommon/jsiexecutor"
  React-jsinspector:
    :path: "../../ReactCommon/jsinspector"
  React-logger:
    :path: "../../ReactCommon/logger"
  React-perflogger:
    :path: "../../ReactCommon/reactperflogger"
  React-RCTActionSheet:
    :path: "../../Libraries/ActionSheetIOS"
  React-RCTAnimation:
    :path: "../../Libraries/NativeAnimation"
  React-RCTAppDelegate:
    :path: "../../Libraries/AppDelegate"
  React-RCTBlob:
    :path: "../../Libraries/Blob"
  React-RCTImage:
    :path: "../../Libraries/Image"
  React-RCTLinking:
    :path: "../../Libraries/LinkingIOS"
  React-RCTNetwork:
    :path: "../../Libraries/Network"
  React-RCTPushNotification:
    :path: "../../Libraries/PushNotificationIOS"
  React-RCTSettings:
    :path: "../../Libraries/Settings"
  React-RCTTest:
    :path: "./RCTTest"
  React-RCTText:
    :path: "../../Libraries/Text"
  React-RCTVibration:
    :path: "../../Libraries/Vibration"
  React-runtimeexecutor:
    :path: "../../ReactCommon/runtimeexecutor"
  ReactCommon:
    :path: "../../ReactCommon"
  ScreenshotManager:
    :path: NativeModuleExample
  Yoga:
    :path: "../../ReactCommon/yoga"

SPEC CHECKSUMS:
  boost: 8fa3cd00fa17ef6c3221e5fd283fa93e81d23017
  DoubleConversion: acaf5db79676d2e9119015819153f0f99191de12
  FBLazyVector: a9134770914ae063a31f2dd20179b90c160eff7e
  FBReactNativeSpec: 777121ee302f27788c2a538ee21786e921375bca
  fmt: ff9d55029c625d3757ed641535fd4a75fedc7ce9
  glog: 6df0a3d6e2750a50609471fd1a01fd2948d405b5
  OCMock: 9491e4bec59e0b267d52a9184ff5605995e74be8
  RCT-Folly: bf7b4921a91932051ebf1c5c2d297154b1fa3c8c
  RCTRequired: 12d497fe8c0b8cd34f55b63033f4eba70edca131
  RCTTypeSafety: 0b958c4285db26b19641bb5ee231ec409817a649
  React: 68daf4e14eef628b888b042c546e0c938f69197e
  React-callinvoker: f305849bc981851f63587c9b66c9c26d34174fe1
  React-Codegen: ea7f0964556b3ed6571ab10bc0b7f8f59b4f1955
  React-Core: 453e06698f801c3ea4fe4d10ed463084efc026ab
  React-CoreModules: 12727c3dad90c8a387a442cf0ca4c46e2072709e
  React-cxxreact: 18b6b33cacb74098ffa0deae40fab863d1e8cfb2
  React-jsc: 257f7fb237290405058a8734d1e8d98cbc2c02c2
  React-jsi: 4af0ef05f2fde44544714a4cc4552fd698228784
  React-jsiexecutor: 029ae5833ce25fc95ba41551f5831c01e83f87cc
  React-jsinspector: 54368b84e3cf66dbab124835fbd9f4f20d9ab669
  React-logger: ee3c72960812d9c47abed59d71ac1f58fda0e8de
  React-perflogger: b123c70fc8f22bbab34b21c5c405b55d81bc5e81
  React-RCTActionSheet: 166f9a801bd2d6cae5dfab9673b5b38a0fc929d5
  React-RCTAnimation: 60c68cefc951f6db6349a16351d65c5d28afb0df
  React-RCTAppDelegate: 0b38670c21956d6121bfc28897433d5eda608a0e
  React-RCTBlob: c987429dfeed864c1bb08ecd0f81a4ddb3797613
  React-RCTImage: edee9bb31cd7b75d4f33bb86d388b8b8afd7cfd1
  React-RCTLinking: 601be307714860c2ed1340347e647c6473d8ce6f
  React-RCTNetwork: f0be32e69beb3e32c0cd693600a5845f87e5ed13
  React-RCTPushNotification: 745c431048eac6e454f1edacc29069cc3b8d24c9
  React-RCTSettings: 6cc659465393712765e43e2c57b461858d470410
  React-RCTTest: 28522dba08e2c8a38fc4e70a2371f928b619d4dd
  React-RCTText: 063c7e9ae5894c1560cf3840cc9d9838dfe25c0b
  React-RCTVibration: 4f1535964c665243773ce60db3b77d8ebb7a336e
  React-runtimeexecutor: 1dbfd401c996cb6124a4d85d9a78e95fe7b1d9c2
  ReactCommon: 61b7fdda76a71795751b5d34418467ab2872adf5
  ScreenshotManager: 2fac62be553326d7d32ef3019c9fa4fd7b59918d
  SocketRocket: abac6f5de4d4d62d24e11868d7a2f427e0ef940d
  Yoga: 39d10448cb850f13892bdf82ac1f36cb29138c38

PODFILE CHECKSUM: 3957102092bb49bb662ae384e29ce5c5a237f6a6

COCOAPODS: 1.12.1
